// !$*UTF8*$!
{
	archiveVersion = 1;
	classes = {
	};
	objectVersion = 77;
	objects = {

/* Begin PBXContainerItemProxy section */
		781C6BE62EE69A8D00CA21E3 /* PBXContainerItemProxy */ = {
			isa = PBXContainerItemProxy;
			containerPortal = 781C6BD02EE69A8B00CA21E3 /* Project object */;
			proxyType = 1;
			remoteGlobalIDString = 781C6BD72EE69A8B00CA21E3;
			remoteInfo = serverTime;
		};
		781C6BF02EE69A8D00CA21E3 /* PBXContainerItemProxy */ = {
			isa = PBXContainerItemProxy;
			containerPortal = 781C6BD02EE69A8B00CA21E3 /* Project object */;
			proxyType = 1;
			remoteGlobalIDString = 781C6BD72EE69A8B00CA21E3;
			remoteInfo = serverTime;
		};
/* End PBXContainerItemProxy section */

/* Begin PBXFileReference section */
		781C6BD82EE69A8B00CA21E3 /* serverTime.app */ = {isa = PBXFileReference; explicitFileType = wrapper.application; includeInIndex = 0; path = serverTime.app; sourceTree = BUILT_PRODUCTS_DIR; };
		781C6BE52EE69A8D00CA21E3 /* serverTimeTests.xctest */ = {isa = PBXFileReference; explicitFileType = wrapper.cfbundle; includeInIndex = 0; path = serverTimeTests.xctest; sourceTree = BUILT_PRODUCTS_DIR; };
		781C6BEF2EE69A8D00CA21E3 /* serverTimeUITests.xctest */ = {isa = PBXFileReference; explicitFileType = wrapper.cfbundle; includeInIndex = 0; path = serverTimeUITests.xctest; sourceTree = BUILT_PRODUCTS_DIR; };
/* End PBXFileReference section */

/* Begin PBXFileSystemSynchronizedRootGroup section */
		781C6BDA2EE69A8B00CA21E3 /* serverTime */ = {
			isa = PBXFileSystemSynchronizedRootGroup;
			path = serverTime;
			sourceTree = "<group>";
		};
		781C6BE82EE69A8D00CA21E3 /* serverTimeTests */ = {
			isa = PBXFileSystemSynchronizedRootGroup;
			path = serverTimeTests;
			sourceTree = "<group>";
		};
		781C6BF22EE69A8D00CA21E3 /* serverTimeUITests */ = {
			isa = PBXFileSystemSynchronizedRootGroup;
			path = serverTimeUITests;
			sourceTree = "<group>";
		};
/* End PBXFileSystemSynchronizedRootGroup section */

/* Begin PBXFrameworksBuildPhase section */
		781C6BD52EE69A8B00CA21E3 /* Frameworks */ = {
			isa = PBXFrameworksBuildPhase;
			buildActionMask = 2147483647;
			files = (
			);
			runOnlyForDeploymentPostprocessing = 0;
		};
		781C6BE22EE69A8D00CA21E3 /* Frameworks */ = {
			isa = PBXFrameworksBuildPhase;
			buildActionMask = 2147483647;
			files = (
			);
			runOnlyForDeploymentPostprocessing = 0;
		};
		781C6BEC2EE69A8D00CA21E3 /* Frameworks */ = {
			isa = PBXFrameworksBuildPhase;
			buildActionMask = 2147483647;
			files = (
			);
			runOnlyForDeploymentPostprocessing = 0;
		};
/* End PBXFrameworksBuildPhase section */

/* Begin PBXGroup section */
		781C6BCF2EE69A8B00CA21E3 = {
			isa = PBXGroup;
			children = (
				781C6BDA2EE69A8B00CA21E3 /* serverTime */,
				781C6BE82EE69A8D00CA21E3 /* serverTimeTests */,
				781C6BF22EE69A8D00CA21E3 /* serverTimeUITests */,
				781C6BD92EE69A8B00CA21E3 /* Products */,
			);
			sourceTree = "<group>";
		};
		781C6BD92EE69A8B00CA21E3 /* Products */ = {
			isa = PBXGroup;
			children = (
				781C6BD82EE69A8B00CA21E3 /* serverTime.app */,
				781C6BE52EE69A8D00CA21E3 /* serverTimeTests.xctest */,
				781C6BEF2EE69A8D00CA21E3 /* serverTimeUITests.xctest */,
			);
			name = Products;
			sourceTree = "<group>";
		};
/* End PBXGroup section */

/* Begin PBXNativeTarget section */
		781C6BD72EE69A8B00CA21E3 /* serverTime */ = {
			isa = PBXNativeTarget;
			buildConfigurationList = 781C6BF92EE69A8D00CA21E3 /* Build configuration list for PBXNativeTarget "serverTime" */;
			buildPhases = (
				781C6BD42EE69A8B00CA21E3 /* Sources */,
				781C6BD52EE69A8B00CA21E3 /* Frameworks */,
				781C6BD62EE69A8B00CA21E3 /* Resources */,
			);
			buildRules = (
			);
			dependencies = (
			);
			fileSystemSynchronizedGroups = (
				781C6BDA2EE69A8B00CA21E3 /* serverTime */,
			);
			name = serverTime;
			packageProductDependencies = (
			);
			productName = serverTime;
			productReference = 781C6BD82EE69A8B00CA21E3 /* serverTime.app */;
			productType = "com.apple.product-type.application";
		};
		781C6BE42EE69A8D00CA21E3 /* serverTimeTests */ = {
			isa = PBXNativeTarget;
			buildConfigurationList = 781C6BFC2EE69A8D00CA21E3 /* Build configuration list for PBXNativeTarget "serverTimeTests" */;
			buildPhases = (
				781C6BE12EE69A8D00CA21E3 /* Sources */,
				781C6BE22EE69A8D00CA21E3 /* Frameworks */,
				781C6BE32EE69A8D00CA21E3 /* Resources */,
			);
			buildRules = (
			);
			dependencies = (
				781C6BE72EE69A8D00CA21E3 /* PBXTargetDependency */,
			);
			fileSystemSynchronizedGroups = (
				781C6BE82EE69A8D00CA21E3 /* serverTimeTests */,
			);
			name = serverTimeTests;
			packageProductDependencies = (
			);
			productName = serverTimeTests;
			productReference = 781C6BE52EE69A8D00CA21E3 /* serverTimeTests.xctest */;
			productType = "com.apple.product-type.bundle.unit-test";
		};
		781C6BEE2EE69A8D00CA21E3 /* serverTimeUITests */ = {
			isa = PBXNativeTarget;
			buildConfigurationList = 781C6BFF2EE69A8D00CA21E3 /* Build configuration list for PBXNativeTarget "serverTimeUITests" */;
			buildPhases = (
				781C6BEB2EE69A8D00CA21E3 /* Sources */,
				781C6BEC2EE69A8D00CA21E3 /* Frameworks */,
				781C6BED2EE69A8D00CA21E3 /* Resources */,
			);
			buildRules = (
			);
			dependencies = (
				781C6BF12EE69A8D00CA21E3 /* PBXTargetDependency */,
			);
			fileSystemSynchronizedGroups = (
				781C6BF22EE69A8D00CA21E3 /* serverTimeUITests */,
			);
			name = serverTimeUITests;
			packageProductDependencies = (
			);
			productName = serverTimeUITests;
			productReference = 781C6BEF2EE69A8D00CA21E3 /* serverTimeUITests.xctest */;
			productType = "com.apple.product-type.bundle.ui-testing";
		};
/* End PBXNativeTarget section */

/* Begin PBXProject section */
		781C6BD02EE69A8B00CA21E3 /* Project object */ = {
			isa = PBXProject;
			attributes = {
				BuildIndependentTargetsInParallel = 1;
				LastSwiftUpdateCheck = 1640;
				LastUpgradeCheck = 1640;
				TargetAttributes = {
					781C6BD72EE69A8B00CA21E3 = {
						CreatedOnToolsVersion = 16.4;
					};
					781C6BE42EE69A8D00CA21E3 = {
						CreatedOnToolsVersion = 16.4;
						TestTargetID = 781C6BD72EE69A8B00CA21E3;
					};
					781C6BEE2EE69A8D00CA21E3 = {
						CreatedOnToolsVersion = 16.4;
						TestTargetID = 781C6BD72EE69A8B00CA21E3;
					};
				};
			};
			buildConfigurationList = 781C6BD32EE69A8B00CA21E3 /* Build configuration list for PBXProject "serverTime" */;
			developmentRegion = en;
			hasScannedForEncodings = 0;
			knownRegions = (
				en,
				Base,
			);
			mainGroup = 781C6BCF2EE69A8B00CA21E3;
			minimizedProjectReferenceProxies = 1;
			packageReferences = (
				781CA08A2EEBD33D00776881 /* XCRemoteSwiftPackageReference "swift-composable-architecture" */,
			);
			preferredProjectObjectVersion = 77;
			productRefGroup = 781C6BD92EE69A8B00CA21E3 /* Products */;
			projectDirPath = "";
			projectRoot = "";
			targets = (
				781C6BD72EE69A8B00CA21E3 /* serverTime */,
				781C6BE42EE69A8D00CA21E3 /* serverTimeTests */,
				781C6BEE2EE69A8D00CA21E3 /* serverTimeUITests */,
			);
		};
/* End PBXProject section */

/* Begin PBXResourcesBuildPhase section */
		781C6BD62EE69A8B00CA21E3 /* Resources */ = {
			isa = PBXResourcesBuildPhase;
			buildActionMask = 2147483647;
			files = (
			);
			runOnlyForDeploymentPostprocessing = 0;
		};
		781C6BE32EE69A8D00CA21E3 /* Resources */ = {
			isa = PBXResourcesBuildPhase;
			buildActionMask = 2147483647;
			files = (
			);
			runOnlyForDeploymentPostprocessing = 0;
		};
		781C6BED2EE69A8D00CA21E3 /* Resources */ = {
			isa = PBXResourcesBuildPhase;
			buildActionMask = 2147483647;
			files = (
			);
			runOnlyForDeploymentPostprocessing = 0;
		};
/* End PBXResourcesBuildPhase section */

/* Begin PBXSourcesBuildPhase section */
		781C6BD42EE69A8B00CA21E3 /* Sources */ = {
			isa = PBXSourcesBuildPhase;
			buildActionMask = 2147483647;
			files = (
			);
			runOnlyForDeploymentPostprocessing = 0;
		};
		781C6BE12EE69A8D00CA21E3 /* Sources */ = {
			isa = PBXSourcesBuildPhase;
			buildActionMask = 2147483647;
			files = (
			);
			runOnlyForDeploymentPostprocessing = 0;
		};
		781C6BEB2EE69A8D00CA21E3 /* Sources */ = {
			isa = PBXSourcesBuildPhase;
			buildActionMask = 2147483647;
			files = (
			);
			runOnlyForDeploymentPostprocessing = 0;
		};
/* End PBXSourcesBuildPhase section */

/* Begin PBXTargetDependency section */
		781C6BE72EE69A8D00CA21E3 /* PBXTargetDependency */ = {
			isa = PBXTargetDependency;
			target = 781C6BD72EE69A8B00CA21E3 /* serverTime */;
			targetProxy = 781C6BE62EE69A8D00CA21E3 /* PBXContainerItemProxy */;
		};
		781C6BF12EE69A8D00CA21E3 /* PBXTargetDependency */ = {
			isa = PBXTargetDependency;
			target = 781C6BD72EE69A8B00CA21E3 /* serverTime */;
			targetProxy = 781C6BF02EE69A8D00CA21E3 /* PBXContainerItemProxy */;
		};
/* End PBXTargetDependency section */

/* Begin XCBuildConfiguration section */
		781C6BF72EE69A8D00CA21E3 /* Debug */ = {
			isa = XCBuildConfiguration;
			buildSettings = {
				ALWAYS_SEARCH_USER_PATHS = NO;
				ASSETCATALOG_COMPILER_GENERATE_SWIFT_ASSET_SYMBOL_EXTENSIONS = YES;
				CLANG_ANALYZER_NONNULL = YES;
				CLANG_ANALYZER_NUMBER_OBJECT_CONVERSION = YES_AGGRESSIVE;
				CLANG_CXX_LANGUAGE_STANDARD = "gnu++20";
				CLANG_ENABLE_MODULES = YES;
				CLANG_ENABLE_OBJC_ARC = YES;
				CLANG_ENABLE_OBJC_WEAK = YES;
				CLANG_WARN_BLOCK_CAPTURE_AUTORELEASING = YES;
				CLANG_WARN_BOOL_CONVERSION = YES;
				CLANG_WARN_COMMA = YES;
				CLANG_WARN_CONSTANT_CONVERSION = YES;
				CLANG_WARN_DEPRECATED_OBJC_IMPLEMENTATIONS = YES;
				CLANG_WARN_DIRECT_OBJC_ISA_USAGE = YES_ERROR;
				CLANG_WARN_DOCUMENTATION_COMMENTS = YES;
				CLANG_WARN_EMPTY_BODY = YES;
				CLANG_WARN_ENUM_CONVERSION = YES;
				CLANG_WARN_INFINITE_RECURSION = YES;
				CLANG_WARN_INT_CONVERSION = YES;
				CLANG_WARN_NON_LITERAL_NULL_CONVERSION = YES;
				CLANG_WARN_OBJC_IMPLICIT_RETAIN_SELF = YES;
				CLANG_WARN_OBJC_LITERAL_CONVERSION = YES;
				CLANG_WARN_OBJC_ROOT_CLASS = YES_ERROR;
				CLANG_WARN_QUOTED_INCLUDE_IN_FRAMEWORK_HEADER = YES;
				CLANG_WARN_RANGE_LOOP_ANALYSIS = YES;
				CLANG_WARN_STRICT_PROTOTYPES = YES;
				CLANG_WARN_SUSPICIOUS_MOVE = YES;
				CLANG_WARN_UNGUARDED_AVAILABILITY = YES_AGGRESSIVE;
				CLANG_WARN_UNREACHABLE_CODE = YES;
				CLANG_WARN__DUPLICATE_METHOD_MATCH = YES;
				COPY_PHASE_STRIP = NO;
				DEBUG_INFORMATION_FORMAT = dwarf;
				DEVELOPMENT_TEAM = KAZ84JWWJ3;
				ENABLE_STRICT_OBJC_MSGSEND = YES;
				ENABLE_TESTABILITY = YES;
				ENABLE_USER_SCRIPT_SANDBOXING = YES;
				GCC_C_LANGUAGE_STANDARD = gnu17;
				GCC_DYNAMIC_NO_PIC = NO;
				GCC_NO_COMMON_BLOCKS = YES;
				GCC_OPTIMIZATION_LEVEL = 0;
				GCC_PREPROCESSOR_DEFINITIONS = (
					"DEBUG=1",
					"$(inherited)",
				);
				GCC_WARN_64_TO_32_BIT_CONVERSION = YES;
				GCC_WARN_ABOUT_RETURN_TYPE = YES_ERROR;
				GCC_WARN_UNDECLARED_SELECTOR = YES;
				GCC_WARN_UNINITIALIZED_AUTOS = YES_AGGRESSIVE;
				GCC_WARN_UNUSED_FUNCTION = YES;
				GCC_WARN_UNUSED_VARIABLE = YES;
				IPHONEOS_DEPLOYMENT_TARGET = 18.5;
				LOCALIZATION_PREFERS_STRING_CATALOGS = YES;
				MTL_ENABLE_DEBUG_INFO = INCLUDE_SOURCE;
				MTL_FAST_MATH = YES;
				ONLY_ACTIVE_ARCH = YES;
				SDKROOT = iphoneos;
				SWIFT_ACTIVE_COMPILATION_CONDITIONS = "DEBUG $(inherited)";
				SWIFT_OPTIMIZATION_LEVEL = "-Onone";
			};
			name = Debug;
		};
		781C6BF82EE69A8D00CA21E3 /* Release */ = {
			isa = XCBuildConfiguration;
			buildSettings = {
				ALWAYS_SEARCH_USER_PATHS = NO;
				ASSETCATALOG_COMPILER_GENERATE_SWIFT_ASSET_SYMBOL_EXTENSIONS = YES;
				CLANG_ANALYZER_NONNULL = YES;
				CLANG_ANALYZER_NUMBER_OBJECT_CONVERSION = YES_AGGRESSIVE;
				CLANG_CXX_LANGUAGE_STANDARD = "gnu++20";
				CLANG_ENABLE_MODULES = YES;
				CLANG_ENABLE_OBJC_ARC = YES;
				CLANG_ENABLE_OBJC_WEAK = YES;
				CLANG_WARN_BLOCK_CAPTURE_AUTORELEASING = YES;
				CLANG_WARN_BOOL_CONVERSION = YES;
				CLANG_WARN_COMMA = YES;
				CLANG_WARN_CONSTANT_CONVERSION = YES;
				CLANG_WARN_DEPRECATED_OBJC_IMPLEMENTATIONS = YES;
				CLANG_WARN_DIRECT_OBJC_ISA_USAGE = YES_ERROR;
				CLANG_WARN_DOCUMENTATION_COMMENTS = YES;
				CLANG_WARN_EMPTY_BODY = YES;
				CLANG_WARN_ENUM_CONVERSION = YES;
				CLANG_WARN_INFINITE_RECURSION = YES;
				CLANG_WARN_INT_CONVERSION = YES;
				CLANG_WARN_NON_LITERAL_NULL_CONVERSION = YES;
				CLANG_WARN_OBJC_IMPLICIT_RETAIN_SELF = YES;
				CLANG_WARN_OBJC_LITERAL_CONVERSION = YES;
				CLANG_WARN_OBJC_ROOT_CLASS = YES_ERROR;
				CLANG_WARN_QUOTED_INCLUDE_IN_FRAMEWORK_HEADER = YES;
				CLANG_WARN_RANGE_LOOP_ANALYSIS = YES;
				CLANG_WARN_STRICT_PROTOTYPES = YES;
				CLANG_WARN_SUSPICIOUS_MOVE = YES;
				CLANG_WARN_UNGUARDED_AVAILABILITY = YES_AGGRESSIVE;
				CLANG_WARN_UNREACHABLE_CODE = YES;
				CLANG_WARN__DUPLICATE_METHOD_MATCH = YES;
				COPY_PHASE_STRIP = NO;
				DEBUG_INFORMATION_FORMAT = "dwarf-with-dsym";
				DEVELOPMENT_TEAM = KAZ84JWWJ3;
				ENABLE_NS_ASSERTIONS = NO;
				ENABLE_STRICT_OBJC_MSGSEND = YES;
				ENABLE_USER_SCRIPT_SANDBOXING = YES;
				GCC_C_LANGUAGE_STANDARD = gnu17;
				GCC_NO_COMMON_BLOCKS = YES;
				GCC_WARN_64_TO_32_BIT_CONVERSION = YES;
				GCC_WARN_ABOUT_RETURN_TYPE = YES_ERROR;
				GCC_WARN_UNDECLARED_SELECTOR = YES;
				GCC_WARN_UNINITIALIZED_AUTOS = YES_AGGRESSIVE;
				GCC_WARN_UNUSED_FUNCTION = YES;
				GCC_WARN_UNUSED_VARIABLE = YES;
				IPHONEOS_DEPLOYMENT_TARGET = 18.5;
				LOCALIZATION_PREFERS_STRING_CATALOGS = YES;
				MTL_ENABLE_DEBUG_INFO = NO;
				MTL_FAST_MATH = YES;
				SDKROOT = iphoneos;
				SWIFT_COMPILATION_MODE = wholemodule;
				VALIDATE_PRODUCT = YES;
			};
			name = Release;
		};
		781C6BFA2EE69A8D00CA21E3 /* Debug */ = {
			isa = XCBuildConfiguration;
			buildSettings = {
				ASSETCATALOG_COMPILER_APPICON_NAME = AppIcon;
				ASSETCATALOG_COMPILER_GLOBAL_ACCENT_COLOR_NAME = AccentColor;
				CODE_SIGN_STYLE = Automatic;
				CURRENT_PROJECT_VERSION = 1;
				DEVELOPMENT_TEAM = KAZ84JWWJ3;
				ENABLE_PREVIEWS = YES;
				GENERATE_INFOPLIST_FILE = YES;
				INFOPLIST_KEY_UIApplicationSceneManifest_Generation = YES;
				INFOPLIST_KEY_UIApplicationSupportsIndirectInputEvents = YES;
				INFOPLIST_KEY_UILaunchScreen_Generation = YES;
				INFOPLIST_KEY_UISupportedInterfaceOrientations_iPad = "UIInterfaceOrientationPortrait UIInterfaceOrientationPortraitUpsideDown UIInterfaceOrientationLandscapeLeft UIInterfaceOrientationLandscapeRight";
				INFOPLIST_KEY_UISupportedInterfaceOrientations_iPhone = "UIInterfaceOrientationPortrait UIInterfaceOrientationLandscapeLeft UIInterfaceOrientationLandscapeRight";
				LD_RUNPATH_SEARCH_PATHS = (
					"$(inherited)",
					"@executable_path/Frameworks",
				);
				MARKETING_VERSION = 1.0;
				PRODUCT_BUNDLE_IDENTIFIER = rgv250.serverTime;
				PRODUCT_NAME = "$(TARGET_NAME)";
				SWIFT_EMIT_LOC_STRINGS = YES;
				SWIFT_VERSION = 5.0;
				TARGETED_DEVICE_FAMILY = "1,2";
			};
			name = Debug;
		};
		781C6BFB2EE69A8D00CA21E3 /* Release */ = {
			isa = XCBuildConfiguration;
			buildSettings = {
				ASSETCATALOG_COMPILER_APPICON_NAME = AppIcon;
				ASSETCATALOG_COMPILER_GLOBAL_ACCENT_COLOR_NAME = AccentColor;
				CODE_SIGN_STYLE = Automatic;
				CURRENT_PROJECT_VERSION = 1;
				DEVELOPMENT_TEAM = KAZ84JWWJ3;
				ENABLE_PREVIEWS = YES;
				GENERATE_INFOPLIST_FILE = YES;
				INFOPLIST_KEY_UIApplicationSceneManifest_Generation = YES;
				INFOPLIST_KEY_UIApplicationSupportsIndirectInputEvents = YES;
				INFOPLIST_KEY_UILaunchScreen_Generation = YES;
				INFOPLIST_KEY_UISupportedInterfaceOrientations_iPad = "UIInterfaceOrientationPortrait UIInterfaceOrientationPortraitUpsideDown UIInterfaceOrientationLandscapeLeft UIInterfaceOrientationLandscapeRight";
				INFOPLIST_KEY_UISupportedInterfaceOrientations_iPhone = "UIInterfaceOrientationPortrait UIInterfaceOrientationLandscapeLeft UIInterfaceOrientationLandscapeRight";
				LD_RUNPATH_SEARCH_PATHS = (
					"$(inherited)",
					"@executable_path/Frameworks",
				);
				MARKETING_VERSION = 1.0;
				PRODUCT_BUNDLE_IDENTIFIER = rgv250.serverTime;
				PRODUCT_NAME = "$(TARGET_NAME)";
				SWIFT_EMIT_LOC_STRINGS = YES;
				SWIFT_VERSION = 5.0;
				TARGETED_DEVICE_FAMILY = "1,2";
			};
			name = Release;
		};
		781C6BFD2EE69A8D00CA21E3 /* Debug */ = {
			isa = XCBuildConfiguration;
			buildSettings = {
				BUNDLE_LOADER = "$(TEST_HOST)";
				CODE_SIGN_STYLE = Automatic;
				CURRENT_PROJECT_VERSION = 1;
				DEVELOPMENT_TEAM = KAZ84JWWJ3;
				GENERATE_INFOPLIST_FILE = YES;
				IPHONEOS_DEPLOYMENT_TARGET = 18.5;
				MARKETING_VERSION = 1.0;
				PRODUCT_BUNDLE_IDENTIFIER = rgv250.serverTimeTests;
				PRODUCT_NAME = "$(TARGET_NAME)";
				SWIFT_EMIT_LOC_STRINGS = NO;
				SWIFT_VERSION = 5.0;
				TARGETED_DEVICE_FAMILY = "1,2";
				TEST_HOST = "$(BUILT_PRODUCTS_DIR)/serverTime.app/$(BUNDLE_EXECUTABLE_FOLDER_PATH)/serverTime";
			};
			name = Debug;
		};
		781C6BFE2EE69A8D00CA21E3 /* Release */ = {
			isa = XCBuildConfiguration;
			buildSettings = {
				BUNDLE_LOADER = "$(TEST_HOST)";
				CODE_SIGN_STYLE = Automatic;
				CURRENT_PROJECT_VERSION = 1;
				DEVELOPMENT_TEAM = KAZ84JWWJ3;
				GENERATE_INFOPLIST_FILE = YES;
				IPHONEOS_DEPLOYMENT_TARGET = 18.5;
				MARKETING_VERSION = 1.0;
				PRODUCT_BUNDLE_IDENTIFIER = rgv250.serverTimeTests;
				PRODUCT_NAME = "$(TARGET_NAME)";
				SWIFT_EMIT_LOC_STRINGS = NO;
				SWIFT_VERSION = 5.0;
				TARGETED_DEVICE_FAMILY = "1,2";
				TEST_HOST = "$(BUILT_PRODUCTS_DIR)/serverTime.app/$(BUNDLE_EXECUTABLE_FOLDER_PATH)/serverTime";
			};
			name = Release;
		};
		781C6C002EE69A8D00CA21E3 /* Debug */ = {
			isa = XCBuildConfiguration;
			buildSettings = {
				CODE_SIGN_STYLE = Automatic;
				CURRENT_PROJECT_VERSION = 1;
				DEVELOPMENT_TEAM = KAZ84JWWJ3;
				GENERATE_INFOPLIST_FILE = YES;
				MARKETING_VERSION = 1.0;
				PRODUCT_BUNDLE_IDENTIFIER = rgv250.serverTimeUITests;
				PRODUCT_NAME = "$(TARGET_NAME)";
				SWIFT_EMIT_LOC_STRINGS = NO;
				SWIFT_VERSION = 5.0;
				TARGETED_DEVICE_FAMILY = "1,2";
				TEST_TARGET_NAME = serverTime;
			};
			name = Debug;
		};
		781C6C012EE69A8D00CA21E3 /* Release */ = {
			isa = XCBuildConfiguration;
			buildSettings = {
				CODE_SIGN_STYLE = Automatic;
				CURRENT_PROJECT_VERSION = 1;
				DEVELOPMENT_TEAM = KAZ84JWWJ3;
				GENERATE_INFOPLIST_FILE = YES;
				MARKETING_VERSION = 1.0;
				PRODUCT_BUNDLE_IDENTIFIER = rgv250.serverTimeUITests;
				PRODUCT_NAME = "$(TARGET_NAME)";
				SWIFT_EMIT_LOC_STRINGS = NO;
				SWIFT_VERSION = 5.0;
				TARGETED_DEVICE_FAMILY = "1,2";
				TEST_TARGET_NAME = serverTime;
			};
			name = Release;
		};
/* End XCBuildConfiguration section */

/* Begin XCConfigurationList section */
		781C6BD32EE69A8B00CA21E3 /* Build configuration list for PBXProject "serverTime" */ = {
			isa = XCConfigurationList;
			buildConfigurations = (
				781C6BF72EE69A8D00CA21E3 /* Debug */,
				781C6BF82EE69A8D00CA21E3 /* Release */,
			);
			defaultConfigurationIsVisible = 0;
			defaultConfigurationName = Release;
		};
		781C6BF92EE69A8D00CA21E3 /* Build configuration list for PBXNativeTarget "serverTime" */ = {
			isa = XCConfigurationList;
			buildConfigurations = (
				781C6BFA2EE69A8D00CA21E3 /* Debug */,
				781C6BFB2EE69A8D00CA21E3 /* Release */,
			);
			defaultConfigurationIsVisible = 0;
			defaultConfigurationName = Release;
		};
		781C6BFC2EE69A8D00CA21E3 /* Build configuration list for PBXNativeTarget "serverTimeTests" */ = {
			isa = XCConfigurationList;
			buildConfigurations = (
				781C6BFD2EE69A8D00CA21E3 /* Debug */,
				781C6BFE2EE69A8D00CA21E3 /* Release */,
			);
			defaultConfigurationIsVisible = 0;
			defaultConfigurationName = Release;
		};
		781C6BFF2EE69A8D00CA21E3 /* Build configuration list for PBXNativeTarget "serverTimeUITests" */ = {
			isa = XCConfigurationList;
			buildConfigurations = (
				781C6C002EE69A8D00CA21E3 /* Debug */,
				781C6C012EE69A8D00CA21E3 /* Release */,
			);
			defaultConfigurationIsVisible = 0;
			defaultConfigurationName = Release;
		};
/* End XCConfigurationList section */

/* Begin XCRemoteSwiftPackageReference section */
		781CA08A2EEBD33D00776881 /* XCRemoteSwiftPackageReference "swift-composable-architecture" */ = {
			isa = XCRemoteSwiftPackageReference;
			repositoryURL = "https://github.com/pointfreeco/swift-composable-architecture";
			requirement = {
				kind = upToNextMajorVersion;
				minimumVersion = 1.23.1;
			};
		};
/* End XCRemoteSwiftPackageReference section */
	};
	rootObject = 781C6BD02EE69A8B00CA21E3 /* Project object */;
}
